# This file is automatically @generated by Poetry 1.4.2 and should not be changed by hand.

[[package]]
name = "anyio"
version = "3.6.2"
description = "High level compatibility layer for multiple asynchronous event loop implementations"
category = "main"
optional = false
python-versions = ">=3.6.2"
files = [
    {file = "anyio-3.6.2-py3-none-any.whl", hash = "sha256:fbbe32bd270d2a2ef3ed1c5d45041250284e31fc0a4df4a5a6071842051a51e3"},
    {file = "anyio-3.6.2.tar.gz", hash = "sha256:25ea0d673ae30af41a0c442f81cf3b38c7e79fdc7b60335a4c14e05eb0947421"},
]

[package.dependencies]
idna = ">=2.8"
sniffio = ">=1.1"

[package.extras]
doc = ["packaging", "sphinx-autodoc-typehints (>=1.2.0)", "sphinx-rtd-theme"]
test = ["contextlib2", "coverage[toml] (>=4.5)", "hypothesis (>=4.0)", "mock (>=4)", "pytest (>=7.0)", "pytest-mock (>=3.6.1)", "trustme", "uvloop (<0.15)", "uvloop (>=0.15)"]
trio = ["trio (>=0.16,<0.22)"]

[[package]]
name = "click"
version = "8.1.3"
description = "Composable command line interface toolkit"
category = "main"
optional = false
python-versions = ">=3.7"
files = [
    {file = "click-8.1.3-py3-none-any.whl", hash = "sha256:bb4d8133cb15a609f44e8213d9b391b0809795062913b383c62be0ee95b1db48"},
    {file = "click-8.1.3.tar.gz", hash = "sha256:7682dc8afb30297001674575ea00d1814d808d6a36af415a82bd481d37ba7b8e"},
]

[package.dependencies]
colorama = {version = "*", markers = "platform_system == \"Windows\""}

[[package]]
name = "colorama"
version = "0.4.6"
description = "Cross-platform colored terminal text."
category = "main"
optional = false
python-versions = "!=3.0.*,!=3.1.*,!=3.2.*,!=3.3.*,!=3.4.*,!=3.5.*,!=3.6.*,>=2.7"
files = [
    {file = "colorama-0.4.6-py2.py3-none-any.whl", hash = "sha256:4f1d9991f5acc0ca119f9d443620b77f9d6b33703e51011c16baf57afb285fc6"},
    {file = "colorama-0.4.6.tar.gz", hash = "sha256:08695f5cb7ed6e0531a20572697297273c47b8cae5a63ffc6d6ed5c201be6e44"},
]

[[package]]
name = "fastapi"
version = "0.95.1"
description = "FastAPI framework, high performance, easy to learn, fast to code, ready for production"
category = "main"
optional = false
python-versions = ">=3.7"
files = [
    {file = "fastapi-0.95.1-py3-none-any.whl", hash = "sha256:a870d443e5405982e1667dfe372663abf10754f246866056336d7f01c21dab07"},
    {file = "fastapi-0.95.1.tar.gz", hash = "sha256:9569f0a381f8a457ec479d90fa01005cfddaae07546eb1f3fa035bc4797ae7d5"},
]

[package.dependencies]
pydantic = ">=1.6.2,<1.7 || >1.7,<1.7.1 || >1.7.1,<1.7.2 || >1.7.2,<1.7.3 || >1.7.3,<1.8 || >1.8,<1.8.1 || >1.8.1,<2.0.0"
starlette = ">=0.26.1,<0.27.0"

[package.extras]
all = ["email-validator (>=1.1.1)", "httpx (>=0.23.0)", "itsdangerous (>=1.1.0)", "jinja2 (>=2.11.2)", "orjson (>=3.2.1)", "python-multipart (>=0.0.5)", "pyyaml (>=5.3.1)", "ujson (>=4.0.1,!=4.0.2,!=4.1.0,!=4.2.0,!=4.3.0,!=5.0.0,!=5.1.0)", "uvicorn[standard] (>=0.12.0)"]
dev = ["pre-commit (>=2.17.0,<3.0.0)", "ruff (==0.0.138)", "uvicorn[standard] (>=0.12.0,<0.21.0)"]
doc = ["mdx-include (>=1.4.1,<2.0.0)", "mkdocs (>=1.1.2,<2.0.0)", "mkdocs-markdownextradata-plugin (>=0.1.7,<0.3.0)", "mkdocs-material (>=8.1.4,<9.0.0)", "pyyaml (>=5.3.1,<7.0.0)", "typer-cli (>=0.0.13,<0.0.14)", "typer[all] (>=0.6.1,<0.8.0)"]
test = ["anyio[trio] (>=3.2.1,<4.0.0)", "black (==23.1.0)", "coverage[toml] (>=6.5.0,<8.0)", "databases[sqlite] (>=0.3.2,<0.7.0)", "email-validator (>=1.1.1,<2.0.0)", "flask (>=1.1.2,<3.0.0)", "httpx (>=0.23.0,<0.24.0)", "isort (>=5.0.6,<6.0.0)", "mypy (==0.982)", "orjson (>=3.2.1,<4.0.0)", "passlib[bcrypt] (>=1.7.2,<2.0.0)", "peewee (>=3.13.3,<4.0.0)", "pytest (>=7.1.3,<8.0.0)", "python-jose[cryptography] (>=3.3.0,<4.0.0)", "python-multipart (>=0.0.5,<0.0.7)", "pyyaml (>=5.3.1,<7.0.0)", "ruff (==0.0.138)", "sqlalchemy (>=1.3.18,<1.4.43)", "types-orjson (==3.6.2)", "types-ujson (==5.7.0.1)", "ujson (>=4.0.1,!=4.0.2,!=4.1.0,!=4.2.0,!=4.3.0,!=5.0.0,!=5.1.0,<6.0.0)"]

[[package]]
name = "h11"
version = "0.14.0"
description = "A pure-Python, bring-your-own-I/O implementation of HTTP/1.1"
category = "main"
optional = false
python-versions = ">=3.7"
files = [
    {file = "h11-0.14.0-py3-none-any.whl", hash = "sha256:e3fe4ac4b851c468cc8363d500db52c2ead036020723024a109d37346efaa761"},
    {file = "h11-0.14.0.tar.gz", hash = "sha256:8f19fbbe99e72420ff35c00b27a34cb9937e902a8b810e2c88300c6f0a3b699d"},
]

[[package]]
name = "idna"
version = "3.4"
description = "Internationalized Domain Names in Applications (IDNA)"
category = "main"
optional = false
python-versions = ">=3.5"
files = [
    {file = "idna-3.4-py3-none-any.whl", hash = "sha256:90b77e79eaa3eba6de819a0c442c0b4ceefc341a7a2ab77d7562bf49f425c5c2"},
    {file = "idna-3.4.tar.gz", hash = "sha256:814f528e8dead7d329833b91c5faa87d60bf71824cd12a7530b5526063d02cb4"},
]

[[package]]
name = "orjson"
version = "3.8.10"
description = "Fast, correct Python JSON library supporting dataclasses, datetimes, and numpy"
category = "main"
optional = false
python-versions = ">= 3.7"
files = [
    {file = "orjson-3.8.10-cp310-cp310-macosx_10_7_x86_64.whl", hash = "sha256:4dfe0651e26492d5d929bbf4322de9afbd1c51ac2e3947a7f78492b20359711d"},
    {file = "orjson-3.8.10-cp310-cp310-macosx_10_9_x86_64.macosx_11_0_arm64.macosx_10_9_universal2.whl", hash = "sha256:bc30de5c7b3a402eb59cc0656b8ee53ca36322fc52ab67739c92635174f88336"},
    {file = "orjson-3.8.10-cp310-cp310-manylinux_2_17_aarch64.manylinux2014_aarch64.whl", hash = "sha256:c08b426fae7b9577b528f99af0f7e0ff3ce46858dd9a7d1bf86d30f18df89a4c"},
    {file = "orjson-3.8.10-cp310-cp310-manylinux_2_17_armv7l.manylinux2014_armv7l.whl", hash = "sha256:bce970f293825e008dbf739268dfa41dfe583aa2a1b5ef4efe53a0e92e9671ea"},
    {file = "orjson-3.8.10-cp310-cp310-manylinux_2_17_ppc64le.manylinux2014_ppc64le.whl", hash = "sha256:9b23fb0264bbdd7218aa685cb6fc71f0dcecf34182f0a8596a3a0dff010c06f9"},
    {file = "orjson-3.8.10-cp310-cp310-manylinux_2_17_s390x.manylinux2014_s390x.whl", hash = "sha256:0826ad2dc1cea1547edff14ce580374f0061d853cbac088c71162dbfe2e52205"},
    {file = "orjson-3.8.10-cp310-cp310-manylinux_2_17_x86_64.manylinux2014_x86_64.whl", hash = "sha256:a7bce6e61cea6426309259b04c6ee2295b3f823ea51a033749459fe2dd0423b2"},
    {file = "orjson-3.8.10-cp310-cp310-manylinux_2_28_x86_64.whl", hash = "sha256:0b470d31244a6f647e5402aac7d2abaf7bb4f52379acf67722a09d35a45c9417"},
    {file = "orjson-3.8.10-cp310-cp310-musllinux_1_1_aarch64.whl", hash = "sha256:48824649019a25d3e52f6454435cf19fe1eb3d05ee697e65d257f58ae3aa94d9"},
    {file = "orjson-3.8.10-cp310-cp310-musllinux_1_1_x86_64.whl", hash = "sha256:faee89e885796a9cc493c930013fa5cfcec9bfaee431ddf00f0fbfb57166a8b3"},
    {file = "orjson-3.8.10-cp310-none-win_amd64.whl", hash = "sha256:3cfe32b1227fe029a5ad989fbec0b453a34e5e6d9a977723f7c3046d062d3537"},
    {file = "orjson-3.8.10-cp311-cp311-macosx_10_7_x86_64.whl", hash = "sha256:2073b62822738d6740bd2492f6035af5c2fd34aa198322b803dc0e70559a17b7"},
    {file = "orjson-3.8.10-cp311-cp311-macosx_10_9_x86_64.macosx_11_0_arm64.macosx_10_9_universal2.whl", hash = "sha256:b2c4faf20b6bb5a2d7ac0c16f58eb1a3800abcef188c011296d1dc2bb2224d48"},
    {file = "orjson-3.8.10-cp311-cp311-manylinux_2_17_aarch64.manylinux2014_aarch64.whl", hash = "sha256:8c1825997232a324911d11c75d91e1e0338c7b723c149cf53a5fc24496c048a4"},
    {file = "orjson-3.8.10-cp311-cp311-manylinux_2_17_armv7l.manylinux2014_armv7l.whl", hash = "sha256:f7e85d4682f3ed7321d36846cad0503e944ea9579ef435d4c162e1b73ead8ac9"},
    {file = "orjson-3.8.10-cp311-cp311-manylinux_2_17_ppc64le.manylinux2014_ppc64le.whl", hash = "sha256:2b8cdaacecb92997916603ab232bb096d0fa9e56b418ca956b9754187d65ca06"},
    {file = "orjson-3.8.10-cp311-cp311-manylinux_2_17_s390x.manylinux2014_s390x.whl", hash = "sha256:ddabc5e44702d13137949adee3c60b7091e73a664f6e07c7b428eebb2dea7bbf"},
    {file = "orjson-3.8.10-cp311-cp311-manylinux_2_17_x86_64.manylinux2014_x86_64.whl", hash = "sha256:27bb26e171e9cfdbec39c7ca4739b6bef8bd06c293d56d92d5e3a3fc017df17d"},
    {file = "orjson-3.8.10-cp311-cp311-manylinux_2_28_x86_64.whl", hash = "sha256:1810e5446fe68d61732e9743592da0ec807e63972eef076d09e02878c2f5958e"},
    {file = "orjson-3.8.10-cp311-cp311-musllinux_1_1_aarch64.whl", hash = "sha256:61e2e51cefe7ef90c4fbbc9fd38ecc091575a3ea7751d56fad95cbebeae2a054"},
    {file = "orjson-3.8.10-cp311-cp311-musllinux_1_1_x86_64.whl", hash = "sha256:f3e9ac9483c2b4cd794e760316966b7bd1e6afb52b0218f068a4e80c9b2db4f6"},
    {file = "orjson-3.8.10-cp311-none-win_amd64.whl", hash = "sha256:26aee557cf8c93b2a971b5a4a8e3cca19780573531493ce6573aa1002f5c4378"},
    {file = "orjson-3.8.10-cp37-cp37m-macosx_10_7_x86_64.whl", hash = "sha256:11ae68f995a50724032af297c92f20bcde31005e0bf3653b12bff9356394615b"},
    {file = "orjson-3.8.10-cp37-cp37m-macosx_10_9_x86_64.macosx_11_0_arm64.macosx_10_9_universal2.whl", hash = "sha256:35d879b46b8029e1e01e9f6067928b470a4efa1ca749b6d053232b873c2dcf66"},
    {file = "orjson-3.8.10-cp37-cp37m-manylinux_2_17_aarch64.manylinux2014_aarch64.whl", hash = "sha256:345e41abd1d9e3ecfb554e1e75ff818cf42e268bd06ad25a96c34e00f73a327e"},
    {file = "orjson-3.8.10-cp37-cp37m-manylinux_2_17_armv7l.manylinux2014_armv7l.whl", hash = "sha256:45a5afc9cda6b8aac066dd50d8194432fbc33e71f7164f95402999b725232d78"},
    {file = "orjson-3.8.10-cp37-cp37m-manylinux_2_17_ppc64le.manylinux2014_ppc64le.whl", hash = "sha256:ad632dc330a7b39da42530c8d146f76f727d476c01b719dc6743c2b5701aaf6b"},
    {file = "orjson-3.8.10-cp37-cp37m-manylinux_2_17_s390x.manylinux2014_s390x.whl", hash = "sha256:4bf2556ba99292c4dc550560384dd22e88b5cdbe6d98fb4e202e902b5775cf9f"},
    {file = "orjson-3.8.10-cp37-cp37m-manylinux_2_17_x86_64.manylinux2014_x86_64.whl", hash = "sha256:b88afd662190f19c3bb5036a903589f88b1d2c2608fbb97281ce000db6b08897"},
    {file = "orjson-3.8.10-cp37-cp37m-manylinux_2_28_x86_64.whl", hash = "sha256:abce8d319aae800fd2d774db1106f926dee0e8a5ca85998fd76391fcb58ef94f"},
    {file = "orjson-3.8.10-cp37-cp37m-musllinux_1_1_aarch64.whl", hash = "sha256:e999abca892accada083f7079612307d94dd14cc105a699588a324f843216509"},
    {file = "orjson-3.8.10-cp37-cp37m-musllinux_1_1_x86_64.whl", hash = "sha256:a3fdee68c4bb3c5d6f89ed4560f1384b5d6260e48fbf868bae1a245a3c693d4d"},
    {file = "orjson-3.8.10-cp37-none-win_amd64.whl", hash = "sha256:e5d7f82506212e047b184c06e4bcd48c1483e101969013623cebcf51cf12cad9"},
    {file = "orjson-3.8.10-cp38-cp38-macosx_10_7_x86_64.whl", hash = "sha256:d953e6c2087dcd990e794f8405011369ee11cf13e9aaae3172ee762ee63947f2"},
    {file = "orjson-3.8.10-cp38-cp38-macosx_10_9_x86_64.macosx_11_0_arm64.macosx_10_9_universal2.whl", hash = "sha256:81aa3f321d201bff0bd0f4014ea44e51d58a9a02d8f2b0eeab2cee22611be8e1"},
    {file = "orjson-3.8.10-cp38-cp38-manylinux_2_17_aarch64.manylinux2014_aarch64.whl", hash = "sha256:7d27b6182f75896dd8c10ea0f78b9265a3454be72d00632b97f84d7031900dd4"},
    {file = "orjson-3.8.10-cp38-cp38-manylinux_2_17_armv7l.manylinux2014_armv7l.whl", hash = "sha256:1486600bc1dd1db26c588dd482689edba3d72d301accbe4301db4b2b28bd7aa4"},
    {file = "orjson-3.8.10-cp38-cp38-manylinux_2_17_ppc64le.manylinux2014_ppc64le.whl", hash = "sha256:344ea91c556a2ce6423dc13401b83ab0392aa697a97fa4142c2c63a6fd0bbfef"},
    {file = "orjson-3.8.10-cp38-cp38-manylinux_2_17_s390x.manylinux2014_s390x.whl", hash = "sha256:979f231e3bad1c835627eef1a30db12a8af58bfb475a6758868ea7e81897211f"},
    {file = "orjson-3.8.10-cp38-cp38-manylinux_2_17_x86_64.manylinux2014_x86_64.whl", hash = "sha256:6fa3a26dcf0f5f2912a8ce8e87273e68b2a9526854d19fd09ea671b154418e88"},
    {file = "orjson-3.8.10-cp38-cp38-manylinux_2_28_x86_64.whl", hash = "sha256:b6e79d8864794635974b18821b49a7f27859d17b93413d4603efadf2e92da7a5"},
    {file = "orjson-3.8.10-cp38-cp38-musllinux_1_1_aarch64.whl", hash = "sha256:ce49999bcbbc14791c61844bc8a69af44f5205d219be540e074660038adae6bf"},
    {file = "orjson-3.8.10-cp38-cp38-musllinux_1_1_x86_64.whl", hash = "sha256:c2ef690335b24f9272dbf6639353c1ffc3f196623a92b851063e28e9515cf7dd"},
    {file = "orjson-3.8.10-cp38-none-win_amd64.whl", hash = "sha256:5a0b1f4e4fa75e26f814161196e365fc0e1a16e3c07428154505b680a17df02f"},
    {file = "orjson-3.8.10-cp39-cp39-macosx_10_7_x86_64.whl", hash = "sha256:af7601a78b99f0515af2f8ab12c955c0072ffcc1e437fb2556f4465783a4d813"},
    {file = "orjson-3.8.10-cp39-cp39-macosx_10_9_x86_64.macosx_11_0_arm64.macosx_10_9_universal2.whl", hash = "sha256:6bbd7b3a3e2030b03c68c4d4b19a2ef5b89081cbb43c05fe2010767ef5e408db"},
    {file = "orjson-3.8.10-cp39-cp39-manylinux_2_17_aarch64.manylinux2014_aarch64.whl", hash = "sha256:4355c9aedfefe60904e8bd7901315ebbc8bb828f665e4c9bc94b1432e67cb6f7"},
    {file = "orjson-3.8.10-cp39-cp39-manylinux_2_17_armv7l.manylinux2014_armv7l.whl", hash = "sha256:b7b0ba074375e25c1594e770e2215941e2017c3cd121889150737fa1123e8bfe"},
    {file = "orjson-3.8.10-cp39-cp39-manylinux_2_17_ppc64le.manylinux2014_ppc64le.whl", hash = "sha256:34b6901c110c06ab9e8d7d0496db4bc9a0c162ca8d77f67539d22cb39e0a1ef4"},
    {file = "orjson-3.8.10-cp39-cp39-manylinux_2_17_s390x.manylinux2014_s390x.whl", hash = "sha256:cb62ec16a1c26ad9487727b529103cb6a94a1d4969d5b32dd0eab5c3f4f5a6f2"},
    {file = "orjson-3.8.10-cp39-cp39-manylinux_2_17_x86_64.manylinux2014_x86_64.whl", hash = "sha256:595e1e7d04aaaa3d41113e4eb9f765ab642173c4001182684ae9ddc621bb11c8"},
    {file = "orjson-3.8.10-cp39-cp39-manylinux_2_28_x86_64.whl", hash = "sha256:64ffd92328473a2f9af059410bd10c703206a4bbc7b70abb1bedcd8761e39eb8"},
    {file = "orjson-3.8.10-cp39-cp39-musllinux_1_1_aarch64.whl", hash = "sha256:b1f648ec89c6a426098868460c0ef8c86b457ce1378d7569ff4acb6c0c454048"},
    {file = "orjson-3.8.10-cp39-cp39-musllinux_1_1_x86_64.whl", hash = "sha256:6a286ad379972e4f46579e772f0477e6b505f1823aabcd64ef097dbb4549e1a4"},
    {file = "orjson-3.8.10-cp39-none-win_amd64.whl", hash = "sha256:d2874cee6856d7c386b596e50bc517d1973d73dc40b2bd6abec057b5e7c76b2f"},
    {file = "orjson-3.8.10.tar.gz", hash = "sha256:dcf6adb4471b69875034afab51a14b64f1026bc968175a2bb02c5f6b358bd413"},
]

[[package]]
name = "pydantic"
version = "1.10.7"
description = "Data validation and settings management using python type hints"
category = "main"
optional = false
python-versions = ">=3.7"
files = [
    {file = "pydantic-1.10.7-cp310-cp310-macosx_10_9_x86_64.whl", hash = "sha256:e79e999e539872e903767c417c897e729e015872040e56b96e67968c3b918b2d"},
    {file = "pydantic-1.10.7-cp310-cp310-macosx_11_0_arm64.whl", hash = "sha256:01aea3a42c13f2602b7ecbbea484a98169fb568ebd9e247593ea05f01b884b2e"},
    {file = "pydantic-1.10.7-cp310-cp310-manylinux_2_17_x86_64.manylinux2014_x86_64.whl", hash = "sha256:516f1ed9bc2406a0467dd777afc636c7091d71f214d5e413d64fef45174cfc7a"},
    {file = "pydantic-1.10.7-cp310-cp310-manylinux_2_5_i686.manylinux1_i686.manylinux_2_17_i686.manylinux2014_i686.whl", hash = "sha256:ae150a63564929c675d7f2303008d88426a0add46efd76c3fc797cd71cb1b46f"},
    {file = "pydantic-1.10.7-cp310-cp310-musllinux_1_1_i686.whl", hash = "sha256:ecbbc51391248116c0a055899e6c3e7ffbb11fb5e2a4cd6f2d0b93272118a209"},
    {file = "pydantic-1.10.7-cp310-cp310-musllinux_1_1_x86_64.whl", hash = "sha256:f4a2b50e2b03d5776e7f21af73e2070e1b5c0d0df255a827e7c632962f8315af"},
    {file = "pydantic-1.10.7-cp310-cp310-win_amd64.whl", hash = "sha256:a7cd2251439988b413cb0a985c4ed82b6c6aac382dbaff53ae03c4b23a70e80a"},
    {file = "pydantic-1.10.7-cp311-cp311-macosx_10_9_x86_64.whl", hash = "sha256:68792151e174a4aa9e9fc1b4e653e65a354a2fa0fed169f7b3d09902ad2cb6f1"},
    {file = "pydantic-1.10.7-cp311-cp311-macosx_11_0_arm64.whl", hash = "sha256:dfe2507b8ef209da71b6fb5f4e597b50c5a34b78d7e857c4f8f3115effaef5fe"},
    {file = "pydantic-1.10.7-cp311-cp311-manylinux_2_17_x86_64.manylinux2014_x86_64.whl", hash = "sha256:10a86d8c8db68086f1e30a530f7d5f83eb0685e632e411dbbcf2d5c0150e8dcd"},
    {file = "pydantic-1.10.7-cp311-cp311-manylinux_2_5_i686.manylinux1_i686.manylinux_2_17_i686.manylinux2014_i686.whl", hash = "sha256:d75ae19d2a3dbb146b6f324031c24f8a3f52ff5d6a9f22f0683694b3afcb16fb"},
    {file = "pydantic-1.10.7-cp311-cp311-musllinux_1_1_i686.whl", hash = "sha256:464855a7ff7f2cc2cf537ecc421291b9132aa9c79aef44e917ad711b4a93163b"},
    {file = "pydantic-1.10.7-cp311-cp311-musllinux_1_1_x86_64.whl", hash = "sha256:193924c563fae6ddcb71d3f06fa153866423ac1b793a47936656e806b64e24ca"},
    {file = "pydantic-1.10.7-cp311-cp311-win_amd64.whl", hash = "sha256:b4a849d10f211389502059c33332e91327bc154acc1845f375a99eca3afa802d"},
    {file = "pydantic-1.10.7-cp37-cp37m-macosx_10_9_x86_64.whl", hash = "sha256:cc1dde4e50a5fc1336ee0581c1612215bc64ed6d28d2c7c6f25d2fe3e7c3e918"},
    {file = "pydantic-1.10.7-cp37-cp37m-manylinux_2_17_x86_64.manylinux2014_x86_64.whl", hash = "sha256:e0cfe895a504c060e5d36b287ee696e2fdad02d89e0d895f83037245218a87fe"},
    {file = "pydantic-1.10.7-cp37-cp37m-manylinux_2_5_i686.manylinux1_i686.manylinux_2_17_i686.manylinux2014_i686.whl", hash = "sha256:670bb4683ad1e48b0ecb06f0cfe2178dcf74ff27921cdf1606e527d2617a81ee"},
    {file = "pydantic-1.10.7-cp37-cp37m-musllinux_1_1_i686.whl", hash = "sha256:950ce33857841f9a337ce07ddf46bc84e1c4946d2a3bba18f8280297157a3fd1"},
    {file = "pydantic-1.10.7-cp37-cp37m-musllinux_1_1_x86_64.whl", hash = "sha256:c15582f9055fbc1bfe50266a19771bbbef33dd28c45e78afbe1996fd70966c2a"},
    {file = "pydantic-1.10.7-cp37-cp37m-win_amd64.whl", hash = "sha256:82dffb306dd20bd5268fd6379bc4bfe75242a9c2b79fec58e1041fbbdb1f7914"},
    {file = "pydantic-1.10.7-cp38-cp38-macosx_10_9_x86_64.whl", hash = "sha256:8c7f51861d73e8b9ddcb9916ae7ac39fb52761d9ea0df41128e81e2ba42886cd"},
    {file = "pydantic-1.10.7-cp38-cp38-macosx_11_0_arm64.whl", hash = "sha256:6434b49c0b03a51021ade5c4daa7d70c98f7a79e95b551201fff682fc1661245"},
    {file = "pydantic-1.10.7-cp38-cp38-manylinux_2_17_x86_64.manylinux2014_x86_64.whl", hash = "sha256:64d34ab766fa056df49013bb6e79921a0265204c071984e75a09cbceacbbdd5d"},
    {file = "pydantic-1.10.7-cp38-cp38-manylinux_2_5_i686.manylinux1_i686.manylinux_2_17_i686.manylinux2014_i686.whl", hash = "sha256:701daea9ffe9d26f97b52f1d157e0d4121644f0fcf80b443248434958fd03dc3"},
    {file = "pydantic-1.10.7-cp38-cp38-musllinux_1_1_i686.whl", hash = "sha256:cf135c46099ff3f919d2150a948ce94b9ce545598ef2c6c7bf55dca98a304b52"},
    {file = "pydantic-1.10.7-cp38-cp38-musllinux_1_1_x86_64.whl", hash = "sha256:b0f85904f73161817b80781cc150f8b906d521fa11e3cdabae19a581c3606209"},
    {file = "pydantic-1.10.7-cp38-cp38-win_amd64.whl", hash = "sha256:9f6f0fd68d73257ad6685419478c5aece46432f4bdd8d32c7345f1986496171e"},
    {file = "pydantic-1.10.7-cp39-cp39-macosx_10_9_x86_64.whl", hash = "sha256:c230c0d8a322276d6e7b88c3f7ce885f9ed16e0910354510e0bae84d54991143"},
    {file = "pydantic-1.10.7-cp39-cp39-macosx_11_0_arm64.whl", hash = "sha256:976cae77ba6a49d80f461fd8bba183ff7ba79f44aa5cfa82f1346b5626542f8e"},
    {file = "pydantic-1.10.7-cp39-cp39-manylinux_2_17_x86_64.manylinux2014_x86_64.whl", hash = "sha256:7d45fc99d64af9aaf7e308054a0067fdcd87ffe974f2442312372dfa66e1001d"},
    {file = "pydantic-1.10.7-cp39-cp39-manylinux_2_5_i686.manylinux1_i686.manylinux_2_17_i686.manylinux2014_i686.whl", hash = "sha256:d2a5ebb48958754d386195fe9e9c5106f11275867051bf017a8059410e9abf1f"},
    {file = "pydantic-1.10.7-cp39-cp39-musllinux_1_1_i686.whl", hash = "sha256:abfb7d4a7cd5cc4e1d1887c43503a7c5dd608eadf8bc615413fc498d3e4645cd"},
    {file = "pydantic-1.10.7-cp39-cp39-musllinux_1_1_x86_64.whl", hash = "sha256:80b1fab4deb08a8292d15e43a6edccdffa5377a36a4597bb545b93e79c5ff0a5"},
    {file = "pydantic-1.10.7-cp39-cp39-win_amd64.whl", hash = "sha256:d71e69699498b020ea198468e2480a2f1e7433e32a3a99760058c6520e2bea7e"},
    {file = "pydantic-1.10.7-py3-none-any.whl", hash = "sha256:0cd181f1d0b1d00e2b705f1bf1ac7799a2d938cce3376b8007df62b29be3c2c6"},
    {file = "pydantic-1.10.7.tar.gz", hash = "sha256:cfc83c0678b6ba51b0532bea66860617c4cd4251ecf76e9846fa5a9f3454e97e"},
]

[package.dependencies]
typing-extensions = ">=4.2.0"

[package.extras]
dotenv = ["python-dotenv (>=0.10.4)"]
email = ["email-validator (>=1.0.3)"]

[[package]]
name = "sniffio"
version = "1.3.0"
description = "Sniff out which async library your code is running under"
category = "main"
optional = false
python-versions = ">=3.7"
files = [
    {file = "sniffio-1.3.0-py3-none-any.whl", hash = "sha256:eecefdce1e5bbfb7ad2eeaabf7c1eeb404d7757c379bd1f7e5cce9d8bf425384"},
    {file = "sniffio-1.3.0.tar.gz", hash = "sha256:e60305c5e5d314f5389259b7f22aaa33d8f7dee49763119234af3755c55b9101"},
]

[[package]]
name = "starlette"
version = "0.26.1"
description = "The little ASGI library that shines."
category = "main"
optional = false
python-versions = ">=3.7"
files = [
    {file = "starlette-0.26.1-py3-none-any.whl", hash = "sha256:e87fce5d7cbdde34b76f0ac69013fd9d190d581d80681493016666e6f96c6d5e"},
    {file = "starlette-0.26.1.tar.gz", hash = "sha256:41da799057ea8620e4667a3e69a5b1923ebd32b1819c8fa75634bbe8d8bea9bd"},
]

[package.dependencies]
anyio = ">=3.4.0,<5"

[package.extras]
full = ["httpx (>=0.22.0)", "itsdangerous", "jinja2", "python-multipart", "pyyaml"]

[[package]]
name = "typing-extensions"
version = "4.5.0"
description = "Backported and Experimental Type Hints for Python 3.7+"
category = "main"
optional = false
python-versions = ">=3.7"
files = [
    {file = "typing_extensions-4.5.0-py3-none-any.whl", hash = "sha256:fb33085c39dd998ac16d1431ebc293a8b3eedd00fd4a32de0ff79002c19511b4"},
    {file = "typing_extensions-4.5.0.tar.gz", hash = "sha256:5cb5f4a79139d699607b3ef622a1dedafa84e115ab0024e0d9c044a9479ca7cb"},
]

[[package]]
name = "uvicorn"
version = "0.21.1"
description = "The lightning-fast ASGI server."
category = "main"
optional = false
python-versions = ">=3.7"
files = [
    {file = "uvicorn-0.21.1-py3-none-any.whl", hash = "sha256:e47cac98a6da10cd41e6fd036d472c6f58ede6c5dbee3dbee3ef7a100ed97742"},
    {file = "uvicorn-0.21.1.tar.gz", hash = "sha256:0fac9cb342ba099e0d582966005f3fdba5b0290579fed4a6266dc702ca7bb032"},
]

[package.dependencies]
click = ">=7.0"
h11 = ">=0.8"

[package.extras]
standard = ["colorama (>=0.4)", "httptools (>=0.5.0)", "python-dotenv (>=0.13)", "pyyaml (>=5.1)", "uvloop (>=0.14.0,!=0.15.0,!=0.15.1)", "watchfiles (>=0.13)", "websockets (>=10.4)"]

[metadata]
lock-version = "2.0"
python-versions = "^3.10"
content-hash = "b9fefaa9ada24a2c0e20d18f8d942fa15e1f4219939f77c7c03247566eb3de40"
